// !$*UTF8*$!
{
	archiveVersion = 1;
	classes = {
	};
	objectVersion = 46;
	objects = {

/* Begin PBXBuildFile section */
		D14D1F5E1F72F75F00AFFDDB /* DetailMemeViewController.swift in Sources */ = {isa = PBXBuildFile; fileRef = D14D1F5D1F72F75F00AFFDDB /* DetailMemeViewController.swift */; };
		D14D1F601F73A04E00AFFDDB /* Impact.ttf in Resources */ = {isa = PBXBuildFile; fileRef = D14D1F5F1F73A04E00AFFDDB /* Impact.ttf */; };
		D1A002001F6C6E46007EF9A8 /* SentMemesTableViewController.swift in Sources */ = {isa = PBXBuildFile; fileRef = D1A001FF1F6C6E46007EF9A8 /* SentMemesTableViewController.swift */; };
		D1B598AC1F66B38200EDBEEF /* ScaledImageViewExtension.swift in Sources */ = {isa = PBXBuildFile; fileRef = D1B598AB1F66B38200EDBEEF /* ScaledImageViewExtension.swift */; };
		D1C0C6C61F657FF7002B1E89 /* AppDelegate.swift in Sources */ = {isa = PBXBuildFile; fileRef = D1C0C6C51F657FF7002B1E89 /* AppDelegate.swift */; };
		D1C0C6C81F657FF7002B1E89 /* CreateMemeViewController.swift in Sources */ = {isa = PBXBuildFile; fileRef = D1C0C6C71F657FF7002B1E89 /* CreateMemeViewController.swift */; };
		D1C0C6CB1F657FF7002B1E89 /* Main.storyboard in Resources */ = {isa = PBXBuildFile; fileRef = D1C0C6C91F657FF7002B1E89 /* Main.storyboard */; };
		D1C0C6CD1F657FF7002B1E89 /* Assets.xcassets in Resources */ = {isa = PBXBuildFile; fileRef = D1C0C6CC1F657FF7002B1E89 /* Assets.xcassets */; };
		D1C0C6D01F657FF7002B1E89 /* LaunchScreen.storyboard in Resources */ = {isa = PBXBuildFile; fileRef = D1C0C6CE1F657FF7002B1E89 /* LaunchScreen.storyboard */; };
		D1C0C6E31F65D5C7002B1E89 /* Meme.swift in Sources */ = {isa = PBXBuildFile; fileRef = D1C0C6E21F65D5C7002B1E89 /* Meme.swift */; };
/* End PBXBuildFile section */

/* Begin PBXFileReference section */
		D14D1F5D1F72F75F00AFFDDB /* DetailMemeViewController.swift */ = {isa = PBXFileReference; lastKnownFileType = sourcecode.swift; path = DetailMemeViewController.swift; sourceTree = "<group>"; };
		D14D1F5F1F73A04E00AFFDDB /* Impact.ttf */ = {isa = PBXFileReference; lastKnownFileType = file; name = Impact.ttf; path = assets/Impact.ttf; sourceTree = "<group>"; };
		D1A001FF1F6C6E46007EF9A8 /* SentMemesTableViewController.swift */ = {isa = PBXFileReference; fileEncoding = 4; lastKnownFileType = sourcecode.swift; path = SentMemesTableViewController.swift; sourceTree = "<group>"; };
		D1B598AB1F66B38200EDBEEF /* ScaledImageViewExtension.swift */ = {isa = PBXFileReference; fileEncoding = 4; lastKnownFileType = sourcecode.swift; path = ScaledImageViewExtension.swift; sourceTree = "<group>"; };
		D1C0C6C21F657FF7002B1E89 /* MemeMe.app */ = {isa = PBXFileReference; explicitFileType = wrapper.application; includeInIndex = 0; path = MemeMe.app; sourceTree = BUILT_PRODUCTS_DIR; };
		D1C0C6C51F657FF7002B1E89 /* AppDelegate.swift */ = {isa = PBXFileReference; lastKnownFileType = sourcecode.swift; path = AppDelegate.swift; sourceTree = "<group>"; };
		D1C0C6C71F657FF7002B1E89 /* CreateMemeViewController.swift */ = {isa = PBXFileReference; lastKnownFileType = sourcecode.swift; path = CreateMemeViewController.swift; sourceTree = "<group>"; };
		D1C0C6CA1F657FF7002B1E89 /* Base */ = {isa = PBXFileReference; lastKnownFileType = file.storyboard; name = Base; path = Base.lproj/Main.storyboard; sourceTree = "<group>"; };
		D1C0C6CC1F657FF7002B1E89 /* Assets.xcassets */ = {isa = PBXFileReference; lastKnownFileType = folder.assetcatalog; path = Assets.xcassets; sourceTree = "<group>"; };
		D1C0C6CF1F657FF7002B1E89 /* Base */ = {isa = PBXFileReference; lastKnownFileType = file.storyboard; name = Base; path = Base.lproj/LaunchScreen.storyboard; sourceTree = "<group>"; };
		D1C0C6D11F657FF7002B1E89 /* Info.plist */ = {isa = PBXFileReference; lastKnownFileType = text.plist.xml; path = Info.plist; sourceTree = "<group>"; };
		D1C0C6E21F65D5C7002B1E89 /* Meme.swift */ = {isa = PBXFileReference; fileEncoding = 4; lastKnownFileType = sourcecode.swift; path = Meme.swift; sourceTree = "<group>"; };
/* End PBXFileReference section */

/* Begin PBXFrameworksBuildPhase section */
		D1C0C6BF1F657FF7002B1E89 /* Frameworks */ = {
			isa = PBXFrameworksBuildPhase;
			buildActionMask = 2147483647;
			files = (
			);
			runOnlyForDeploymentPostprocessing = 0;
		};
/* End PBXFrameworksBuildPhase section */

/* Begin PBXGroup section */
		D1A001FE1F6C6E25007EF9A8 /* ViewControllers */ = {
			isa = PBXGroup;
			children = (
				D1A001FF1F6C6E46007EF9A8 /* SentMemesTableViewController.swift */,
				D1C0C6C71F657FF7002B1E89 /* CreateMemeViewController.swift */,
				D14D1F5D1F72F75F00AFFDDB /* DetailMemeViewController.swift */,
			);
			name = ViewControllers;
			sourceTree = "<group>";
		};
		D1C0C6B91F657FF7002B1E89 = {
			isa = PBXGroup;
			children = (
				D1C0C6DD1F65A537002B1E89 /* Resources */,
				D1C0C6C41F657FF7002B1E89 /* MemeMe */,
				D1C0C6C31F657FF7002B1E89 /* Products */,
			);
			sourceTree = "<group>";
		};
		D1C0C6C31F657FF7002B1E89 /* Products */ = {
			isa = PBXGroup;
			children = (
				D1C0C6C21F657FF7002B1E89 /* MemeMe.app */,
			);
			name = Products;
			sourceTree = "<group>";
		};
		D1C0C6C41F657FF7002B1E89 /* MemeMe */ = {
			isa = PBXGroup;
			children = (
				D1C0C6C51F657FF7002B1E89 /* AppDelegate.swift */,
				D1A001FE1F6C6E25007EF9A8 /* ViewControllers */,
				D1C0C6C91F657FF7002B1E89 /* Main.storyboard */,
				D1C0C6CC1F657FF7002B1E89 /* Assets.xcassets */,
				D1C0C6CE1F657FF7002B1E89 /* LaunchScreen.storyboard */,
				D1C0C6D11F657FF7002B1E89 /* Info.plist */,
				D1C0C6E21F65D5C7002B1E89 /* Meme.swift */,
				D1B598AB1F66B38200EDBEEF /* ScaledImageViewExtension.swift */,
			);
			path = MemeMe;
			sourceTree = "<group>";
		};
		D1C0C6DD1F65A537002B1E89 /* Resources */ = {
			isa = PBXGroup;
			children = (
				D14D1F5F1F73A04E00AFFDDB /* Impact.ttf */,
			);
			name = Resources;
			sourceTree = "<group>";
		};
/* End PBXGroup section */

/* Begin PBXNativeTarget section */
		D1C0C6C11F657FF7002B1E89 /* MemeMe */ = {
			isa = PBXNativeTarget;
			buildConfigurationList = D1C0C6D41F657FF7002B1E89 /* Build configuration list for PBXNativeTarget "MemeMe" */;
			buildPhases = (
				D1C0C6BE1F657FF7002B1E89 /* Sources */,
				D1C0C6BF1F657FF7002B1E89 /* Frameworks */,
				D1C0C6C01F657FF7002B1E89 /* Resources */,
			);
			buildRules = (
			);
			dependencies = (
			);
			name = MemeMe;
			productName = MemeMe;
			productReference = D1C0C6C21F657FF7002B1E89 /* MemeMe.app */;
			productType = "com.apple.product-type.application";
		};
/* End PBXNativeTarget section */

/* Begin PBXProject section */
		D1C0C6BA1F657FF7002B1E89 /* Project object */ = {
			isa = PBXProject;
			attributes = {
				LastSwiftUpdateCheck = 0830;
				LastUpgradeCheck = 0900;
				ORGANIZATIONNAME = rammerstorfer;
				TargetAttributes = {
					D1C0C6C11F657FF7002B1E89 = {
						CreatedOnToolsVersion = 8.3.3;
						DevelopmentTeam = QJQ277SAGA;
						LastSwiftMigration = 0900;
						ProvisioningStyle = Automatic;
					};
				};
			};
			buildConfigurationList = D1C0C6BD1F657FF7002B1E89 /* Build configuration list for PBXProject "MemeMe" */;
			compatibilityVersion = "Xcode 3.2";
			developmentRegion = English;
			hasScannedForEncodings = 0;
			knownRegions = (
				en,
				Base,
			);
			mainGroup = D1C0C6B91F657FF7002B1E89;
			productRefGroup = D1C0C6C31F657FF7002B1E89 /* Products */;
			projectDirPath = "";
			projectRoot = "";
			targets = (
				D1C0C6C11F657FF7002B1E89 /* MemeMe */,
			);
		};
/* End PBXProject section */

/* Begin PBXResourcesBuildPhase section */
		D1C0C6C01F657FF7002B1E89 /* Resources */ = {
			isa = PBXResourcesBuildPhase;
			buildActionMask = 2147483647;
			files = (
				D14D1F601F73A04E00AFFDDB /* Impact.ttf in Resources */,
				D1C0C6D01F657FF7002B1E89 /* LaunchScreen.storyboard in Resources */,
				D1C0C6CD1F657FF7002B1E89 /* Assets.xcassets in Resources */,
				D1C0C6CB1F657FF7002B1E89 /* Main.storyboard in Resources */,
			);
			runOnlyForDeploymentPostprocessing = 0;
		};
/* End PBXResourcesBuildPhase section */

/* Begin PBXSourcesBuildPhase section */
		D1C0C6BE1F657FF7002B1E89 /* Sources */ = {
			isa = PBXSourcesBuildPhase;
			buildActionMask = 2147483647;
			files = (
				D1B598AC1F66B38200EDBEEF /* ScaledImageViewExtension.swift in Sources */,
				D1C0C6C81F657FF7002B1E89 /* CreateMemeViewController.swift in Sources */,
				D1C0C6E31F65D5C7002B1E89 /* Meme.swift in Sources */,
				D1A002001F6C6E46007EF9A8 /* SentMemesTableViewController.swift in Sources */,
				D1C0C6C61F657FF7002B1E89 /* AppDelegate.swift in Sources */,
				D14D1F5E1F72F75F00AFFDDB /* DetailMemeViewController.swift in Sources */,
			);
			runOnlyForDeploymentPostprocessing = 0;
		};
/* End PBXSourcesBuildPhase section */

/* Begin PBXVariantGroup section */
		D1C0C6C91F657FF7002B1E89 /* Main.storyboard */ = {
			isa = PBXVariantGroup;
			children = (
				D1C0C6CA1F657FF7002B1E89 /* Base */,
			);
			name = Main.storyboard;
			sourceTree = "<group>";
		};
		D1C0C6CE1F657FF7002B1E89 /* LaunchScreen.storyboard */ = {
			isa = PBXVariantGroup;
			children = (
				D1C0C6CF1F657FF7002B1E89 /* Base */,
			);
			name = LaunchScreen.storyboard;
			sourceTree = "<group>";
		};
/* End PBXVariantGroup section */

/* Begin XCBuildConfiguration section */
		D1C0C6D21F657FF7002B1E89 /* Debug */ = {
			isa = XCBuildConfiguration;
			buildSettings = {
				ALWAYS_SEARCH_USER_PATHS = NO;
				CLANG_ANALYZER_NONNULL = YES;
				CLANG_ANALYZER_NUMBER_OBJECT_CONVERSION = YES_AGGRESSIVE;
				CLANG_CXX_LANGUAGE_STANDARD = "gnu++0x";
				CLANG_CXX_LIBRARY = "libc++";
				CLANG_ENABLE_MODULES = YES;
				CLANG_ENABLE_OBJC_ARC = YES;
				CLANG_WARN_BLOCK_CAPTURE_AUTORELEASING = YES;
				CLANG_WARN_BOOL_CONVERSION = YES;
				CLANG_WARN_COMMA = YES;
				CLANG_WARN_CONSTANT_CONVERSION = YES;
				CLANG_WARN_DIRECT_OBJC_ISA_USAGE = YES_ERROR;
				CLANG_WARN_DOCUMENTATION_COMMENTS = YES;
				CLANG_WARN_EMPTY_BODY = YES;
				CLANG_WARN_ENUM_CONVERSION = YES;
				CLANG_WARN_INFINITE_RECURSION = YES;
				CLANG_WARN_INT_CONVERSION = YES;
				CLANG_WARN_NON_LITERAL_NULL_CONVERSION = YES;
				CLANG_WARN_OBJC_LITERAL_CONVERSION = YES;
				CLANG_WARN_OBJC_ROOT_CLASS = YES_ERROR;
				CLANG_WARN_RANGE_LOOP_ANALYSIS = YES;
				CLANG_WARN_STRICT_PROTOTYPES = YES;
				CLANG_WARN_SUSPICIOUS_MOVE = YES;
				CLANG_WARN_UNREACHABLE_CODE = YES;
				CLANG_WARN__DUPLICATE_METHOD_MATCH = YES;
				"CODE_SIGN_IDENTITY[sdk=iphoneos*]" = "iPhone Developer";
				COPY_PHASE_STRIP = NO;
				DEBUG_INFORMATION_FORMAT = dwarf;
				ENABLE_STRICT_OBJC_MSGSEND = YES;
				ENABLE_TESTABILITY = YES;
				GCC_C_LANGUAGE_STANDARD = gnu99;
				GCC_DYNAMIC_NO_PIC = NO;
				GCC_NO_COMMON_BLOCKS = YES;
				GCC_OPTIMIZATION_LEVEL = 0;
				GCC_PREPROCESSOR_DEFINITIONS = (
					"DEBUG=1",
					"$(inherited)",
				);
				GCC_WARN_64_TO_32_BIT_CONVERSION = YES;
				GCC_WARN_ABOUT_RETURN_TYPE = YES_ERROR;
				GCC_WARN_UNDECLARED_SELECTOR = YES;
				GCC_WARN_UNINITIALIZED_AUTOS = YES_AGGRESSIVE;
				GCC_WARN_UNUSED_FUNCTION = YES;
				GCC_WARN_UNUSED_VARIABLE = YES;
				IPHONEOS_DEPLOYMENT_TARGET = 10.3;
				MTL_ENABLE_DEBUG_INFO = YES;
				ONLY_ACTIVE_ARCH = YES;
				SDKROOT = iphoneos;
				SWIFT_ACTIVE_COMPILATION_CONDITIONS = DEBUG;
				SWIFT_OPTIMIZATION_LEVEL = "-Onone";
				TARGETED_DEVICE_FAMILY = "1,2";
			};
			name = Debug;
		};
		D1C0C6D31F657FF7002B1E89 /* Release */ = {
			isa = XCBuildConfiguration;
			buildSettings = {
				ALWAYS_SEARCH_USER_PATHS = NO;
				CLANG_ANALYZER_NONNULL = YES;
				CLANG_ANALYZER_NUMBER_OBJECT_CONVERSION = YES_AGGRESSIVE;
				CLANG_CXX_LANGUAGE_STANDARD = "gnu++0x";
				CLANG_CXX_LIBRARY = "libc++";
				CLANG_ENABLE_MODULES = YES;
				CLANG_ENABLE_OBJC_ARC = YES;
				CLANG_WARN_BLOCK_CAPTURE_AUTORELEASING = YES;
				CLANG_WARN_BOOL_CONVERSION = YES;
				CLANG_WARN_COMMA = YES;
				CLANG_WARN_CONSTANT_CONVERSION = YES;
				CLANG_WARN_DIRECT_OBJC_ISA_USAGE = YES_ERROR;
				CLANG_WARN_DOCUMENTATION_COMMENTS = YES;
				CLANG_WARN_EMPTY_BODY = YES;
				CLANG_WARN_ENUM_CONVERSION = YES;
				CLANG_WARN_INFINITE_RECURSION = YES;
				CLANG_WARN_INT_CONVERSION = YES;
				CLANG_WARN_NON_LITERAL_NULL_CONVERSION = YES;
				CLANG_WARN_OBJC_LITERAL_CONVERSION = YES;
				CLANG_WARN_OBJC_ROOT_CLASS = YES_ERROR;
				CLANG_WARN_RANGE_LOOP_ANALYSIS = YES;
				CLANG_WARN_STRICT_PROTOTYPES = YES;
				CLANG_WARN_SUSPICIOUS_MOVE = YES;
				CLANG_WARN_UNREACHABLE_CODE = YES;
				CLANG_WARN__DUPLICATE_METHOD_MATCH = YES;
				"CODE_SIGN_IDENTITY[sdk=iphoneos*]" = "iPhone Developer";
				COPY_PHASE_STRIP = NO;
				DEBUG_INFORMATION_FORMAT = "dwarf-with-dsym";
				ENABLE_NS_ASSERTIONS = NO;
				ENABLE_STRICT_OBJC_MSGSEND = YES;
				GCC_C_LANGUAGE_STANDARD = gnu99;
				GCC_NO_COMMON_BLOCKS = YES;
				GCC_WARN_64_TO_32_BIT_CONVERSION = YES;
				GCC_WARN_ABOUT_RETURN_TYPE = YES_ERROR;
				GCC_WARN_UNDECLARED_SELECTOR = YES;
				GCC_WARN_UNINITIALIZED_AUTOS = YES_AGGRESSIVE;
				GCC_WARN_UNUSED_FUNCTION = YES;
				GCC_WARN_UNUSED_VARIABLE = YES;
				IPHONEOS_DEPLOYMENT_TARGET = 10.3;
				MTL_ENABLE_DEBUG_INFO = NO;
				SDKROOT = iphoneos;
				SWIFT_OPTIMIZATION_LEVEL = "-Owholemodule";
				TARGETED_DEVICE_FAMILY = "1,2";
				VALIDATE_PRODUCT = YES;
			};
			name = Release;
		};
		D1C0C6D51F657FF7002B1E89 /* Debug */ = {
			isa = XCBuildConfiguration;
			buildSettings = {
				ASSETCATALOG_COMPILER_APPICON_NAME = AppIcon;
				DEVELOPMENT_TEAM = QJQ277SAGA;
				INFOPLIST_FILE = MemeMe/Info.plist;
				LD_RUNPATH_SEARCH_PATHS = "$(inherited) @executable_path/Frameworks";
				PRODUCT_BUNDLE_IDENTIFIER = com.rammerstorfer.MemeMe;
				PRODUCT_NAME = "$(TARGET_NAME)";
				SWIFT_SWIFT3_OBJC_INFERENCE = Default;
				SWIFT_VERSION = 4.0;
			};
			name = Debug;
		};
		D1C0C6D61F657FF7002B1E89 /* Release */ = {
			isa = XCBuildConfiguration;
			buildSettings = {
				ASSETCATALOG_COMPILER_APPICON_NAME = AppIcon;
				DEVELOPMENT_TEAM = QJQ277SAGA;
				INFOPLIST_FILE = MemeMe/Info.plist;
				LD_RUNPATH_SEARCH_PATHS = "$(inherited) @executable_path/Frameworks";
				PRODUCT_BUNDLE_IDENTIFIER = com.rammerstorfer.MemeMe;
				PRODUCT_NAME = "$(TARGET_NAME)";
				SWIFT_SWIFT3_OBJC_INFERENCE = Default;
				SWIFT_VERSION = 4.0;
			};
			name = Release;
		};
/* End XCBuildConfiguration section */

/* Begin XCConfigurationList section */
		D1C0C6BD1F657FF7002B1E89 /* Build configuration list for PBXProject "MemeMe" */ = {
			isa = XCConfigurationList;
			buildConfigurations = (
				D1C0C6D21F657FF7002B1E89 /* Debug */,
				D1C0C6D31F657FF7002B1E89 /* Release */,
			);
			defaultConfigurationIsVisible = 0;
			defaultConfigurationName = Release;
		};
		D1C0C6D41F657FF7002B1E89 /* Build configuration list for PBXNativeTarget "MemeMe" */ = {
			isa = XCConfigurationList;
			buildConfigurations = (
				D1C0C6D51F657FF7002B1E89 /* Debug */,
				D1C0C6D61F657FF7002B1E89 /* Release */,
			);
			defaultConfigurationIsVisible = 0;
			defaultConfigurationName = Release;
		};
/* End XCConfigurationList section */
	};
	rootObject = D1C0C6BA1F657FF7002B1E89 /* Project object */;
}
